webtyp.com/agent v1.1.0 h1:AoucMiJG551zjSeoqu/GC31FRvsey+KPKr8IXlZXKPk=
webtyp.com/agent v1.1.0/go.mod h1:M/4156GB52cr/qYvYNmRlMVcOszJ2YhvkxUXB9vObBI=
webtyp.com/agentcontext v0.3.1 h1:WMe08AbspOV4foz3BxuiiG9yVor74jT4+GwHzaGpDVo=
webtyp.com/agentcontext v0.3.1/go.mod h1:fQE58FoEdOhGinHfawjaHVXA7727G8wVW/83h9u2pNE=
webtyp.com/base64 v0.0.6 h1:Tkr9Y/s3RLa6yuatk5Tdwdc90NhDP6pNYO1HQG9iIHM=
webtyp.com/base64 v0.0.6/go.mod h1:wH2ocJ0rKbTo34XLsDryH9STDu0Jm2gQXasjh5wDwEw=
webtyp.com/context v0.0.23 h1:T+lH+UteRAPD6gLH8oxW0TBr5aZlJwgfIpmnA4DdFSY=
webtyp.com/context v0.0.23/go.mod h1:SXtpX0NmsG9zoL9B2uYVPy0ZfmXl0C1zyjQkYmuz38Q=
webtyp.com/decoder v0.5.1 h1:N1dJAtxtxjmooP7yejOOoLVghflmW2NjCMRUWy0A688=
webtyp.com/decoder v0.5.1/go.mod h1:ifmsVSB+2AjPxPjZBXvF/o/3tfVS3+J0u2FrI8cLgt4=
webtyp.com/fetch v0.1.28 h1:Tb8NUBp/5tLWI22U0lg/YPrR1hJtR05a8VUC5UrXyns=
webtyp.com/fetch v0.1.28/go.mod h1:ZX35mkKiyfjnJE9Ix9N+IT1ebFRTLm2fKbU0+eZ2XlA=
webtyp.com/fmt v1.0.0 h1:W0vMMGC6ezg1q2LarAEaVnNvZ26hVqzZdQQH1wcNogM=
webtyp.com/fmt v1.0.0/go.mod h1:FmTxx713R45J21kbH5JOmKGaaCap3fJPA9Yl2n4Ch7U=
webtyp.com/json v0.5.27 h1:QNljdAHaKJfi9FdToMvWDxAa/taHUJ8yNbkksGT4hUc=
webtyp.com/json v0.5.27/go.mod h1:kIAtefqg9B8tHtYWelE6PAtpBILwuV61+9n+2bU/lxw=
webtyp.com/llm v0.2.3 h1:dDbngZsiEI3cXpkWKZhouR9mrwUpJeP5VQs6sXUAbqw=
webtyp.com/llm v0.2.3/go.mod h1:UsS33kzQ1P+4KsgrLl50PT/dFxcYMQT/vOk0otI3IY4=
webtyp.com/mcp v0.2.40 h1:QyylDdkbdvg+g85ldhw8y6qhiegfrG+4OZh8AAECiq8=
webtyp.com/mcp v0.2.40/go.mod h1:5oJf7goPGKtwfi+UvAnmptr220JP1HuA8SnaEmnqeu4=
webtyp.com/model v0.2.1 h1:VNaRtJrqPs6aJGvseuU18l6+4clUWDd5g6CwlQVPL80=
webtyp.com/model v0.2.1/go.mod h1:OkyYeE3GOG8eAQGhd9wVsORAhr+xYj3q8avpoGXG25c=
webtyp.com/nn v0.4.1 h1:F1cc9hnl1lXIK/ajJyOVidArUCcyp5xeZlbj9ukcV/A=
webtyp.com/nn v0.4.1/go.mod h1:SefWO/kfREChwxoBVGrvuqT0iMRN89cKp4Lnq5nWAQE=
webtyp.com/qwen v0.4.7 h1:tb1ymhRYo3BQR08yjEUg9CiL+DV915n0uQqdpQMOINQ=
webtyp.com/qwen v0.4.7/go.mod h1:ZjVUXNX3mMU4YLnYdRN0oUT5soMFRcGjdjBoMPnPXZc=
webtyp.com/router v0.3.0 h1:/lfCibuc2UHuADk0u64Cfr6FZt5cfHJO/HIz6I1AjJI=
webtyp.com/router v0.3.0/go.mod h1:vq9bDpR18oNflHXZmbE2IOlGduRJqPugKDWe2mm6nk4=
webtyp.com/time v0.5.7 h1:4AoyN4vnDXxxdePcHu59F+YlhjgHJwv7svWGMtpuq6w=
webtyp.com/time v0.5.7/go.mod h1:V6ew493Rk+an2mV77vVjytPAbtlsELVZ4O4wGqu4tUI=
webtyp.com/tokenizer v0.4.2 h1:N0uy6SlVcV19+y+gwvDrpNq9BD5jLUAb5cnzdf3z1PA=
webtyp.com/tokenizer v0.4.2/go.mod h1:fwNrKvAZ7iDSSHTVRAHKoGlSNFH+R1nLV1MnnjGQhSk=
webtyp.com/unixid v0.2.28 h1:uIZb9zRLQtR4BOsBtJfyI2OcYklCeo1nrRaGqzVXQ9s=
webtyp.com/unixid v0.2.28/go.mod h1:/3O8fu/eCARIrnT6WMu9MpLsAXKdfnVI3s35+m/CbY4=
webtyp.com/vector v0.1.1 h1:f4PsIPz5lYrXEEhbbPUz4bfd2+i7ujVGfsZRpf/G7/4=
webtyp.com/vector v0.1.1/go.mod h1:IrRH9GrQ5Ym6DquOtuu+15W3nekNhaR8oRcdj+oDExQ=
webtyp.com/weights v0.3.0 h1:FoQpfpDI8hyaRJXMAohQZ/S7MWL7bBs38ZR/uWFkooc=
webtyp.com/weights v0.3.0/go.mod h1:KclzOcxyL4JJA9+6IqKVR6QKTIJFQCRSvBbzXQKmlnY=
